# THIS IS AN AUTOGENERATED FILE. DO NOT EDIT THIS FILE DIRECTLY.
# yarn lockfile v1


marked@^0.6.1:
  version "0.6.2"
  resolved "https://registry.yarnpkg.com/marked/-/marked-0.6.2.tgz#c574be8b545a8b48641456ca1dbe0e37b6dccc1a"
  integrity sha512-LqxwVH3P/rqKX4EKGz7+c2G9r98WeM/SW34ybhgNGhUQNKtf1GmmSkJ6cDGJ/t6tiyae49qRkpyTw2B9HOrgUA==
